// !$*UTF8*$!
{
	archiveVersion = 1;
	classes = {
	};
	objectVersion = 56;
	objects = {

/* Begin PBXBuildFile section */
		3542624C2BF21D1800E23331 /* MyNumbersView.swift in Sources */ = {isa = PBXBuildFile; fileRef = 3542624B2BF21D1800E23331 /* MyNumbersView.swift */; };
		3542624E2BF220B100E23331 /* NumberInputView.swift in Sources */ = {isa = PBXBuildFile; fileRef = 3542624D2BF220B100E23331 /* NumberInputView.swift */; };
		354262502BF220F800E23331 /* LottoInfo.swift in Sources */ = {isa = PBXBuildFile; fileRef = 3542624F2BF220F800E23331 /* LottoInfo.swift */; };
		354262522BF2F36600E23331 /* NumberCheckView.swift in Sources */ = {isa = PBXBuildFile; fileRef = 354262512BF2F36600E23331 /* NumberCheckView.swift */; };
		354262542BF2FE8400E23331 /* NumbersCircleView.swift in Sources */ = {isa = PBXBuildFile; fileRef = 354262532BF2FE8400E23331 /* NumbersCircleView.swift */; };
		354262562BF3035000E23331 /* WinNumberListView.swift in Sources */ = {isa = PBXBuildFile; fileRef = 354262552BF3034F00E23331 /* WinNumberListView.swift */; };
		354262582BF3350F00E23331 /* ColorExtension.swift in Sources */ = {isa = PBXBuildFile; fileRef = 354262572BF3350F00E23331 /* ColorExtension.swift */; };
		3545B8702BFF3F200028FD32 /* RoundNumbersItemView.swift in Sources */ = {isa = PBXBuildFile; fileRef = 3545B86F2BFF3F200028FD32 /* RoundNumbersItemView.swift */; };
		3545B8712BFF3F870028FD32 /* RoundNumbersItemView.swift in Sources */ = {isa = PBXBuildFile; fileRef = 3545B86F2BFF3F200028FD32 /* RoundNumbersItemView.swift */; };
		3552CE4E2BF216B30031F5FB /* LottoHelperApp.swift in Sources */ = {isa = PBXBuildFile; fileRef = 3552CE4D2BF216B30031F5FB /* LottoHelperApp.swift */; };
		3552CE502BF216B30031F5FB /* ContentView.swift in Sources */ = {isa = PBXBuildFile; fileRef = 3552CE4F2BF216B30031F5FB /* ContentView.swift */; };
		3552CE522BF216B30031F5FB /* CheckNumbers.swift in Sources */ = {isa = PBXBuildFile; fileRef = 3552CE512BF216B30031F5FB /* CheckNumbers.swift */; };
		3552CE542BF216B60031F5FB /* Assets.xcassets in Resources */ = {isa = PBXBuildFile; fileRef = 3552CE532BF216B60031F5FB /* Assets.xcassets */; };
		3552CE572BF216B60031F5FB /* Preview Assets.xcassets in Resources */ = {isa = PBXBuildFile; fileRef = 3552CE562BF216B60031F5FB /* Preview Assets.xcassets */; };
		813E1A992BF71CB7006B3B2A /* WinNumbers.swift in Sources */ = {isa = PBXBuildFile; fileRef = 813E1A982BF71CB7006B3B2A /* WinNumbers.swift */; };
		813E1B042BF74A45006B3B2A /* LottoHelperApp.swift in Sources */ = {isa = PBXBuildFile; fileRef = 3552CE4D2BF216B30031F5FB /* LottoHelperApp.swift */; };
		813E1B052BF74A4B006B3B2A /* ContentView.swift in Sources */ = {isa = PBXBuildFile; fileRef = 3552CE4F2BF216B30031F5FB /* ContentView.swift */; };
		813E1B062BF74A4F006B3B2A /* MyNumbersView.swift in Sources */ = {isa = PBXBuildFile; fileRef = 3542624B2BF21D1800E23331 /* MyNumbersView.swift */; };
		813E1B072BF74A51006B3B2A /* CheckNumbers.swift in Sources */ = {isa = PBXBuildFile; fileRef = 3552CE512BF216B30031F5FB /* CheckNumbers.swift */; };
		813E1B082BF74A56006B3B2A /* NumberInputView.swift in Sources */ = {isa = PBXBuildFile; fileRef = 3542624D2BF220B100E23331 /* NumberInputView.swift */; };
		813E1B092BF74A58006B3B2A /* LottoInfo.swift in Sources */ = {isa = PBXBuildFile; fileRef = 3542624F2BF220F800E23331 /* LottoInfo.swift */; };
		813E1B0A2BF74A5B006B3B2A /* NumbersCircleView.swift in Sources */ = {isa = PBXBuildFile; fileRef = 354262532BF2FE8400E23331 /* NumbersCircleView.swift */; };
		813E1B0B2BF74A5F006B3B2A /* NumberCheckView.swift in Sources */ = {isa = PBXBuildFile; fileRef = 354262512BF2F36600E23331 /* NumberCheckView.swift */; };
		813E1B0C2BF74A62006B3B2A /* WinNumberListView.swift in Sources */ = {isa = PBXBuildFile; fileRef = 354262552BF3034F00E23331 /* WinNumberListView.swift */; };
		813E1B0D2BF74A64006B3B2A /* ColorExtension.swift in Sources */ = {isa = PBXBuildFile; fileRef = 354262572BF3350F00E23331 /* ColorExtension.swift */; };
		813E1B0E2BF74A67006B3B2A /* WinNumbers.swift in Sources */ = {isa = PBXBuildFile; fileRef = 813E1A982BF71CB7006B3B2A /* WinNumbers.swift */; };
		813E1B0F2BF74A71006B3B2A /* Assets.xcassets in Resources */ = {isa = PBXBuildFile; fileRef = 3552CE532BF216B60031F5FB /* Assets.xcassets */; };
		8159B7402BFC571300F52DC1 /* AnalyzeView.swift in Sources */ = {isa = PBXBuildFile; fileRef = 8159B73F2BFC571300F52DC1 /* AnalyzeView.swift */; };
		8159B7452BFC5A6600F52DC1 /* NumbersTotalCount.swift in Sources */ = {isa = PBXBuildFile; fileRef = 8159B7442BFC5A6600F52DC1 /* NumbersTotalCount.swift */; };
		8159B7462BFC5C2900F52DC1 /* NumbersTotalCount.swift in Sources */ = {isa = PBXBuildFile; fileRef = 8159B7442BFC5A6600F52DC1 /* NumbersTotalCount.swift */; };
		8159B7472BFC707400F52DC1 /* AnalyzeView.swift in Sources */ = {isa = PBXBuildFile; fileRef = 8159B73F2BFC571300F52DC1 /* AnalyzeView.swift */; };
		818302E52C07589A00091BFC /* NavigationToolbarModifier.swift in Sources */ = {isa = PBXBuildFile; fileRef = 818302E42C07589A00091BFC /* NavigationToolbarModifier.swift */; };
		818302E62C0759F500091BFC /* NavigationToolbarModifier.swift in Sources */ = {isa = PBXBuildFile; fileRef = 818302E42C07589A00091BFC /* NavigationToolbarModifier.swift */; };
		81A09E242C304960006A65D1 /* NumberBarChartView.swift in Sources */ = {isa = PBXBuildFile; fileRef = 81A09E232C304960006A65D1 /* NumberBarChartView.swift */; };
		81A09E252C3049B9006A65D1 /* NumberBarChartView.swift in Sources */ = {isa = PBXBuildFile; fileRef = 81A09E232C304960006A65D1 /* NumberBarChartView.swift */; };
		81BC8F072C070AD10082036A /* NumbersDetailView.swift in Sources */ = {isa = PBXBuildFile; fileRef = 81BC8F062C070AD10082036A /* NumbersDetailView.swift */; };
		81BC8F082C070C650082036A /* NumbersDetailView.swift in Sources */ = {isa = PBXBuildFile; fileRef = 81BC8F062C070AD10082036A /* NumbersDetailView.swift */; };
/* End PBXBuildFile section */

/* Begin PBXContainerItemProxy section */
		813E1AEA2BF749C5006B3B2A /* PBXContainerItemProxy */ = {
			isa = PBXContainerItemProxy;
			containerPortal = 3552CE422BF216B30031F5FB /* Project object */;
			proxyType = 1;
			remoteGlobalIDString = 813E1AD62BF749C4006B3B2A;
			remoteInfo = LottoHelperMac;
		};
		813E1AF42BF749C5006B3B2A /* PBXContainerItemProxy */ = {
			isa = PBXContainerItemProxy;
			containerPortal = 3552CE422BF216B30031F5FB /* Project object */;
			proxyType = 1;
			remoteGlobalIDString = 813E1AD62BF749C4006B3B2A;
			remoteInfo = LottoHelperMac;
		};
/* End PBXContainerItemProxy section */

/* Begin PBXFileReference section */
		3542624B2BF21D1800E23331 /* MyNumbersView.swift */ = {isa = PBXFileReference; lastKnownFileType = sourcecode.swift; path = MyNumbersView.swift; sourceTree = "<group>"; };
		3542624D2BF220B100E23331 /* NumberInputView.swift */ = {isa = PBXFileReference; lastKnownFileType = sourcecode.swift; path = NumberInputView.swift; sourceTree = "<group>"; };
		3542624F2BF220F800E23331 /* LottoInfo.swift */ = {isa = PBXFileReference; lastKnownFileType = sourcecode.swift; path = LottoInfo.swift; sourceTree = "<group>"; };
		354262512BF2F36600E23331 /* NumberCheckView.swift */ = {isa = PBXFileReference; lastKnownFileType = sourcecode.swift; path = NumberCheckView.swift; sourceTree = "<group>"; };
		354262532BF2FE8400E23331 /* NumbersCircleView.swift */ = {isa = PBXFileReference; lastKnownFileType = sourcecode.swift; path = NumbersCircleView.swift; sourceTree = "<group>"; };
		354262552BF3034F00E23331 /* WinNumberListView.swift */ = {isa = PBXFileReference; lastKnownFileType = sourcecode.swift; path = WinNumberListView.swift; sourceTree = "<group>"; };
		354262572BF3350F00E23331 /* ColorExtension.swift */ = {isa = PBXFileReference; lastKnownFileType = sourcecode.swift; path = ColorExtension.swift; sourceTree = "<group>"; };
		3545B86F2BFF3F200028FD32 /* RoundNumbersItemView.swift */ = {isa = PBXFileReference; lastKnownFileType = sourcecode.swift; path = RoundNumbersItemView.swift; sourceTree = "<group>"; };
		3552CE4A2BF216B30031F5FB /* LottoHelper.app */ = {isa = PBXFileReference; explicitFileType = wrapper.application; includeInIndex = 0; path = LottoHelper.app; sourceTree = BUILT_PRODUCTS_DIR; };
		3552CE4D2BF216B30031F5FB /* LottoHelperApp.swift */ = {isa = PBXFileReference; lastKnownFileType = sourcecode.swift; path = LottoHelperApp.swift; sourceTree = "<group>"; };
		3552CE4F2BF216B30031F5FB /* ContentView.swift */ = {isa = PBXFileReference; lastKnownFileType = sourcecode.swift; path = ContentView.swift; sourceTree = "<group>"; };
		3552CE512BF216B30031F5FB /* CheckNumbers.swift */ = {isa = PBXFileReference; lastKnownFileType = sourcecode.swift; path = CheckNumbers.swift; sourceTree = "<group>"; };
		3552CE532BF216B60031F5FB /* Assets.xcassets */ = {isa = PBXFileReference; lastKnownFileType = folder.assetcatalog; path = Assets.xcassets; sourceTree = "<group>"; };
		3552CE562BF216B60031F5FB /* Preview Assets.xcassets */ = {isa = PBXFileReference; lastKnownFileType = folder.assetcatalog; path = "Preview Assets.xcassets"; sourceTree = "<group>"; };
		3552CE582BF216B60031F5FB /* LottoHelper.entitlements */ = {isa = PBXFileReference; lastKnownFileType = text.plist.entitlements; path = LottoHelper.entitlements; sourceTree = "<group>"; };
		3552CE592BF216B60031F5FB /* Info.plist */ = {isa = PBXFileReference; lastKnownFileType = text.plist.xml; path = Info.plist; sourceTree = "<group>"; };
		813E1A982BF71CB7006B3B2A /* WinNumbers.swift */ = {isa = PBXFileReference; lastKnownFileType = sourcecode.swift; path = WinNumbers.swift; sourceTree = "<group>"; };
		813E1AD72BF749C4006B3B2A /* LottoHelperMac.app */ = {isa = PBXFileReference; explicitFileType = wrapper.application; includeInIndex = 0; path = LottoHelperMac.app; sourceTree = BUILT_PRODUCTS_DIR; };
		813E1AE92BF749C5006B3B2A /* LottoHelperMacTests.xctest */ = {isa = PBXFileReference; explicitFileType = wrapper.cfbundle; includeInIndex = 0; path = LottoHelperMacTests.xctest; sourceTree = BUILT_PRODUCTS_DIR; };
		813E1AF32BF749C5006B3B2A /* LottoHelperMacUITests.xctest */ = {isa = PBXFileReference; explicitFileType = wrapper.cfbundle; includeInIndex = 0; path = LottoHelperMacUITests.xctest; sourceTree = BUILT_PRODUCTS_DIR; };
		8159B73F2BFC571300F52DC1 /* AnalyzeView.swift */ = {isa = PBXFileReference; lastKnownFileType = sourcecode.swift; path = AnalyzeView.swift; sourceTree = "<group>"; };
		8159B7442BFC5A6600F52DC1 /* NumbersTotalCount.swift */ = {isa = PBXFileReference; lastKnownFileType = sourcecode.swift; path = NumbersTotalCount.swift; sourceTree = "<group>"; };
		818302E42C07589A00091BFC /* NavigationToolbarModifier.swift */ = {isa = PBXFileReference; lastKnownFileType = sourcecode.swift; path = NavigationToolbarModifier.swift; sourceTree = "<group>"; };
		81A09E232C304960006A65D1 /* NumberBarChartView.swift */ = {isa = PBXFileReference; lastKnownFileType = sourcecode.swift; path = NumberBarChartView.swift; sourceTree = "<group>"; };
		81BC8F062C070AD10082036A /* NumbersDetailView.swift */ = {isa = PBXFileReference; lastKnownFileType = sourcecode.swift; path = NumbersDetailView.swift; sourceTree = "<group>"; };
/* End PBXFileReference section */

/* Begin PBXFrameworksBuildPhase section */
		3552CE472BF216B30031F5FB /* Frameworks */ = {
			isa = PBXFrameworksBuildPhase;
			buildActionMask = 2147483647;
			files = (
			);
			runOnlyForDeploymentPostprocessing = 0;
		};
		813E1AD42BF749C4006B3B2A /* Frameworks */ = {
			isa = PBXFrameworksBuildPhase;
			buildActionMask = 2147483647;
			files = (
			);
			runOnlyForDeploymentPostprocessing = 0;
		};
		813E1AE62BF749C5006B3B2A /* Frameworks */ = {
			isa = PBXFrameworksBuildPhase;
			buildActionMask = 2147483647;
			files = (
			);
			runOnlyForDeploymentPostprocessing = 0;
		};
		813E1AF02BF749C5006B3B2A /* Frameworks */ = {
			isa = PBXFrameworksBuildPhase;
			buildActionMask = 2147483647;
			files = (
			);
			runOnlyForDeploymentPostprocessing = 0;
		};
/* End PBXFrameworksBuildPhase section */

/* Begin PBXGroup section */
		3552CE412BF216B30031F5FB = {
			isa = PBXGroup;
			children = (
				3552CE4C2BF216B30031F5FB /* LottoHelper */,
				3552CE4B2BF216B30031F5FB /* Products */,
			);
			sourceTree = "<group>";
		};
		3552CE4B2BF216B30031F5FB /* Products */ = {
			isa = PBXGroup;
			children = (
				3552CE4A2BF216B30031F5FB /* LottoHelper.app */,
				813E1AD72BF749C4006B3B2A /* LottoHelperMac.app */,
				813E1AE92BF749C5006B3B2A /* LottoHelperMacTests.xctest */,
				813E1AF32BF749C5006B3B2A /* LottoHelperMacUITests.xctest */,
			);
			name = Products;
			sourceTree = "<group>";
		};
		3552CE4C2BF216B30031F5FB /* LottoHelper */ = {
			isa = PBXGroup;
			children = (
				8159B7432BFC5A2900F52DC1 /* Model */,
				813E1B132BF7596F006B3B2A /* Etc */,
				813E1B122BF7595B006B3B2A /* Logic */,
				813E1B112BF75943006B3B2A /* Component */,
				813E1B102BF75923006B3B2A /* MainView */,
				3552CE4D2BF216B30031F5FB /* LottoHelperApp.swift */,
				3552CE4F2BF216B30031F5FB /* ContentView.swift */,
				3552CE532BF216B60031F5FB /* Assets.xcassets */,
				3552CE582BF216B60031F5FB /* LottoHelper.entitlements */,
				3552CE592BF216B60031F5FB /* Info.plist */,
				3552CE552BF216B60031F5FB /* Preview Content */,
			);
			path = LottoHelper;
			sourceTree = "<group>";
		};
		3552CE552BF216B60031F5FB /* Preview Content */ = {
			isa = PBXGroup;
			children = (
				3552CE562BF216B60031F5FB /* Preview Assets.xcassets */,
			);
			path = "Preview Content";
			sourceTree = "<group>";
		};
		813E1B102BF75923006B3B2A /* MainView */ = {
			isa = PBXGroup;
			children = (
				354262512BF2F36600E23331 /* NumberCheckView.swift */,
				3542624B2BF21D1800E23331 /* MyNumbersView.swift */,
				354262552BF3034F00E23331 /* WinNumberListView.swift */,
				8159B73F2BFC571300F52DC1 /* AnalyzeView.swift */,
				81BC8F062C070AD10082036A /* NumbersDetailView.swift */,
			);
			path = MainView;
			sourceTree = "<group>";
		};
		813E1B112BF75943006B3B2A /* Component */ = {
			isa = PBXGroup;
			children = (
				354262532BF2FE8400E23331 /* NumbersCircleView.swift */,
				3542624D2BF220B100E23331 /* NumberInputView.swift */,
				3545B86F2BFF3F200028FD32 /* RoundNumbersItemView.swift */,
				818302E42C07589A00091BFC /* NavigationToolbarModifier.swift */,
				81A09E232C304960006A65D1 /* NumberBarChartView.swift */,
			);
			path = Component;
			sourceTree = "<group>";
		};
		813E1B122BF7595B006B3B2A /* Logic */ = {
			isa = PBXGroup;
			children = (
				3542624F2BF220F800E23331 /* LottoInfo.swift */,
			);
			path = Logic;
			sourceTree = "<group>";
		};
		813E1B132BF7596F006B3B2A /* Etc */ = {
			isa = PBXGroup;
			children = (
				354262572BF3350F00E23331 /* ColorExtension.swift */,
			);
			path = Etc;
			sourceTree = "<group>";
		};
		8159B7432BFC5A2900F52DC1 /* Model */ = {
			isa = PBXGroup;
			children = (
				813E1A982BF71CB7006B3B2A /* WinNumbers.swift */,
				3552CE512BF216B30031F5FB /* CheckNumbers.swift */,
				8159B7442BFC5A6600F52DC1 /* NumbersTotalCount.swift */,
			);
			path = Model;
			sourceTree = "<group>";
		};
/* End PBXGroup section */

/* Begin PBXNativeTarget section */
		3552CE492BF216B30031F5FB /* LottoHelper */ = {
			isa = PBXNativeTarget;
			buildConfigurationList = 3552CE5C2BF216B60031F5FB /* Build configuration list for PBXNativeTarget "LottoHelper" */;
			buildPhases = (
				3552CE462BF216B30031F5FB /* Sources */,
				3552CE472BF216B30031F5FB /* Frameworks */,
				3552CE482BF216B30031F5FB /* Resources */,
			);
			buildRules = (
			);
			dependencies = (
			);
			name = LottoHelper;
			productName = LottoHelper;
			productReference = 3552CE4A2BF216B30031F5FB /* LottoHelper.app */;
			productType = "com.apple.product-type.application";
		};
		813E1AD62BF749C4006B3B2A /* LottoHelperMac */ = {
			isa = PBXNativeTarget;
			buildConfigurationList = 813E1AFB2BF749C5006B3B2A /* Build configuration list for PBXNativeTarget "LottoHelperMac" */;
			buildPhases = (
				813E1AD32BF749C4006B3B2A /* Sources */,
				813E1AD42BF749C4006B3B2A /* Frameworks */,
				813E1AD52BF749C4006B3B2A /* Resources */,
			);
			buildRules = (
			);
			dependencies = (
			);
			name = LottoHelperMac;
			productName = LottoHelperMac;
			productReference = 813E1AD72BF749C4006B3B2A /* LottoHelperMac.app */;
			productType = "com.apple.product-type.application";
		};
		813E1AE82BF749C5006B3B2A /* LottoHelperMacTests */ = {
			isa = PBXNativeTarget;
			buildConfigurationList = 813E1AFE2BF749C5006B3B2A /* Build configuration list for PBXNativeTarget "LottoHelperMacTests" */;
			buildPhases = (
				813E1AE52BF749C5006B3B2A /* Sources */,
				813E1AE62BF749C5006B3B2A /* Frameworks */,
				813E1AE72BF749C5006B3B2A /* Resources */,
			);
			buildRules = (
			);
			dependencies = (
				813E1AEB2BF749C5006B3B2A /* PBXTargetDependency */,
			);
			name = LottoHelperMacTests;
			productName = LottoHelperMacTests;
			productReference = 813E1AE92BF749C5006B3B2A /* LottoHelperMacTests.xctest */;
			productType = "com.apple.product-type.bundle.unit-test";
		};
		813E1AF22BF749C5006B3B2A /* LottoHelperMacUITests */ = {
			isa = PBXNativeTarget;
			buildConfigurationList = 813E1B012BF749C5006B3B2A /* Build configuration list for PBXNativeTarget "LottoHelperMacUITests" */;
			buildPhases = (
				813E1AEF2BF749C5006B3B2A /* Sources */,
				813E1AF02BF749C5006B3B2A /* Frameworks */,
				813E1AF12BF749C5006B3B2A /* Resources */,
			);
			buildRules = (
			);
			dependencies = (
				813E1AF52BF749C5006B3B2A /* PBXTargetDependency */,
			);
			name = LottoHelperMacUITests;
			productName = LottoHelperMacUITests;
			productReference = 813E1AF32BF749C5006B3B2A /* LottoHelperMacUITests.xctest */;
			productType = "com.apple.product-type.bundle.ui-testing";
		};
/* End PBXNativeTarget section */

/* Begin PBXProject section */
		3552CE422BF216B30031F5FB /* Project object */ = {
			isa = PBXProject;
			attributes = {
				BuildIndependentTargetsInParallel = 1;
				LastSwiftUpdateCheck = 1530;
				LastUpgradeCheck = 1520;
				TargetAttributes = {
					3552CE492BF216B30031F5FB = {
						CreatedOnToolsVersion = 15.2;
					};
					813E1AD62BF749C4006B3B2A = {
						CreatedOnToolsVersion = 15.3;
					};
					813E1AE82BF749C5006B3B2A = {
						CreatedOnToolsVersion = 15.3;
						TestTargetID = 813E1AD62BF749C4006B3B2A;
					};
					813E1AF22BF749C5006B3B2A = {
						CreatedOnToolsVersion = 15.3;
						TestTargetID = 813E1AD62BF749C4006B3B2A;
					};
				};
			};
			buildConfigurationList = 3552CE452BF216B30031F5FB /* Build configuration list for PBXProject "LottoHelper" */;
			compatibilityVersion = "Xcode 14.0";
			developmentRegion = en;
			hasScannedForEncodings = 0;
			knownRegions = (
				en,
				Base,
			);
			mainGroup = 3552CE412BF216B30031F5FB;
			productRefGroup = 3552CE4B2BF216B30031F5FB /* Products */;
			projectDirPath = "";
			projectRoot = "";
			targets = (
				3552CE492BF216B30031F5FB /* LottoHelper */,
				813E1AD62BF749C4006B3B2A /* LottoHelperMac */,
				813E1AE82BF749C5006B3B2A /* LottoHelperMacTests */,
				813E1AF22BF749C5006B3B2A /* LottoHelperMacUITests */,
			);
		};
/* End PBXProject section */

/* Begin PBXResourcesBuildPhase section */
		3552CE482BF216B30031F5FB /* Resources */ = {
			isa = PBXResourcesBuildPhase;
			buildActionMask = 2147483647;
			files = (
				3552CE572BF216B60031F5FB /* Preview Assets.xcassets in Resources */,
				3552CE542BF216B60031F5FB /* Assets.xcassets in Resources */,
			);
			runOnlyForDeploymentPostprocessing = 0;
		};
		813E1AD52BF749C4006B3B2A /* Resources */ = {
			isa = PBXResourcesBuildPhase;
			buildActionMask = 2147483647;
			files = (
				813E1B0F2BF74A71006B3B2A /* Assets.xcassets in Resources */,
			);
			runOnlyForDeploymentPostprocessing = 0;
		};
		813E1AE72BF749C5006B3B2A /* Resources */ = {
			isa = PBXResourcesBuildPhase;
			buildActionMask = 2147483647;
			files = (
			);
			runOnlyForDeploymentPostprocessing = 0;
		};
		813E1AF12BF749C5006B3B2A /* Resources */ = {
			isa = PBXResourcesBuildPhase;
			buildActionMask = 2147483647;
			files = (
			);
			runOnlyForDeploymentPostprocessing = 0;
		};
/* End PBXResourcesBuildPhase section */

/* Begin PBXSourcesBuildPhase section */
		3552CE462BF216B30031F5FB /* Sources */ = {
			isa = PBXSourcesBuildPhase;
			buildActionMask = 2147483647;
			files = (
				3552CE502BF216B30031F5FB /* ContentView.swift in Sources */,
				3542624E2BF220B100E23331 /* NumberInputView.swift in Sources */,
				354262502BF220F800E23331 /* LottoInfo.swift in Sources */,
				3552CE522BF216B30031F5FB /* CheckNumbers.swift in Sources */,
				3545B8702BFF3F200028FD32 /* RoundNumbersItemView.swift in Sources */,
				813E1A992BF71CB7006B3B2A /* WinNumbers.swift in Sources */,
				354262522BF2F36600E23331 /* NumberCheckView.swift in Sources */,
				81BC8F072C070AD10082036A /* NumbersDetailView.swift in Sources */,
				3552CE4E2BF216B30031F5FB /* LottoHelperApp.swift in Sources */,
				3542624C2BF21D1800E23331 /* MyNumbersView.swift in Sources */,
				8159B7452BFC5A6600F52DC1 /* NumbersTotalCount.swift in Sources */,
				8159B7402BFC571300F52DC1 /* AnalyzeView.swift in Sources */,
				818302E52C07589A00091BFC /* NavigationToolbarModifier.swift in Sources */,
				354262542BF2FE8400E23331 /* NumbersCircleView.swift in Sources */,
				354262562BF3035000E23331 /* WinNumberListView.swift in Sources */,
				81A09E242C304960006A65D1 /* NumberBarChartView.swift in Sources */,
				354262582BF3350F00E23331 /* ColorExtension.swift in Sources */,
			);
			runOnlyForDeploymentPostprocessing = 0;
		};
		813E1AD32BF749C4006B3B2A /* Sources */ = {
			isa = PBXSourcesBuildPhase;
			buildActionMask = 2147483647;
			files = (
				813E1B062BF74A4F006B3B2A /* MyNumbersView.swift in Sources */,
				813E1B092BF74A58006B3B2A /* LottoInfo.swift in Sources */,
				8159B7472BFC707400F52DC1 /* AnalyzeView.swift in Sources */,
				813E1B052BF74A4B006B3B2A /* ContentView.swift in Sources */,
				3545B8712BFF3F870028FD32 /* RoundNumbersItemView.swift in Sources */,
				813E1B0E2BF74A67006B3B2A /* WinNumbers.swift in Sources */,
				813E1B082BF74A56006B3B2A /* NumberInputView.swift in Sources */,
				81BC8F082C070C650082036A /* NumbersDetailView.swift in Sources */,
				813E1B072BF74A51006B3B2A /* CheckNumbers.swift in Sources */,
				813E1B042BF74A45006B3B2A /* LottoHelperApp.swift in Sources */,
				813E1B0C2BF74A62006B3B2A /* WinNumberListView.swift in Sources */,
				813E1B0B2BF74A5F006B3B2A /* NumberCheckView.swift in Sources */,
				818302E62C0759F500091BFC /* NavigationToolbarModifier.swift in Sources */,
				813E1B0A2BF74A5B006B3B2A /* NumbersCircleView.swift in Sources */,
				813E1B0D2BF74A64006B3B2A /* ColorExtension.swift in Sources */,
				81A09E252C3049B9006A65D1 /* NumberBarChartView.swift in Sources */,
				8159B7462BFC5C2900F52DC1 /* NumbersTotalCount.swift in Sources */,
			);
			runOnlyForDeploymentPostprocessing = 0;
		};
		813E1AE52BF749C5006B3B2A /* Sources */ = {
			isa = PBXSourcesBuildPhase;
			buildActionMask = 2147483647;
			files = (
			);
			runOnlyForDeploymentPostprocessing = 0;
		};
		813E1AEF2BF749C5006B3B2A /* Sources */ = {
			isa = PBXSourcesBuildPhase;
			buildActionMask = 2147483647;
			files = (
			);
			runOnlyForDeploymentPostprocessing = 0;
		};
/* End PBXSourcesBuildPhase section */

/* Begin PBXTargetDependency section */
		813E1AEB2BF749C5006B3B2A /* PBXTargetDependency */ = {
			isa = PBXTargetDependency;
			target = 813E1AD62BF749C4006B3B2A /* LottoHelperMac */;
			targetProxy = 813E1AEA2BF749C5006B3B2A /* PBXContainerItemProxy */;
		};
		813E1AF52BF749C5006B3B2A /* PBXTargetDependency */ = {
			isa = PBXTargetDependency;
			target = 813E1AD62BF749C4006B3B2A /* LottoHelperMac */;
			targetProxy = 813E1AF42BF749C5006B3B2A /* PBXContainerItemProxy */;
		};
/* End PBXTargetDependency section */

/* Begin XCBuildConfiguration section */
		3552CE5A2BF216B60031F5FB /* Debug */ = {
			isa = XCBuildConfiguration;
			buildSettings = {
				ALWAYS_SEARCH_USER_PATHS = NO;
				ASSETCATALOG_COMPILER_GENERATE_SWIFT_ASSET_SYMBOL_EXTENSIONS = YES;
				CLANG_ANALYZER_NONNULL = YES;
				CLANG_ANALYZER_NUMBER_OBJECT_CONVERSION = YES_AGGRESSIVE;
				CLANG_CXX_LANGUAGE_STANDARD = "gnu++20";
				CLANG_ENABLE_MODULES = YES;
				CLANG_ENABLE_OBJC_ARC = YES;
				CLANG_ENABLE_OBJC_WEAK = YES;
				CLANG_WARN_BLOCK_CAPTURE_AUTORELEASING = YES;
				CLANG_WARN_BOOL_CONVERSION = YES;
				CLANG_WARN_COMMA = YES;
				CLANG_WARN_CONSTANT_CONVERSION = YES;
				CLANG_WARN_DEPRECATED_OBJC_IMPLEMENTATIONS = YES;
				CLANG_WARN_DIRECT_OBJC_ISA_USAGE = YES_ERROR;
				CLANG_WARN_DOCUMENTATION_COMMENTS = YES;
				CLANG_WARN_EMPTY_BODY = YES;
				CLANG_WARN_ENUM_CONVERSION = YES;
				CLANG_WARN_INFINITE_RECURSION = YES;
				CLANG_WARN_INT_CONVERSION = YES;
				CLANG_WARN_NON_LITERAL_NULL_CONVERSION = YES;
				CLANG_WARN_OBJC_IMPLICIT_RETAIN_SELF = YES;
				CLANG_WARN_OBJC_LITERAL_CONVERSION = YES;
				CLANG_WARN_OBJC_ROOT_CLASS = YES_ERROR;
				CLANG_WARN_QUOTED_INCLUDE_IN_FRAMEWORK_HEADER = YES;
				CLANG_WARN_RANGE_LOOP_ANALYSIS = YES;
				CLANG_WARN_STRICT_PROTOTYPES = YES;
				CLANG_WARN_SUSPICIOUS_MOVE = YES;
				CLANG_WARN_UNGUARDED_AVAILABILITY = YES_AGGRESSIVE;
				CLANG_WARN_UNREACHABLE_CODE = YES;
				CLANG_WARN__DUPLICATE_METHOD_MATCH = YES;
				COPY_PHASE_STRIP = NO;
				DEBUG_INFORMATION_FORMAT = dwarf;
				ENABLE_STRICT_OBJC_MSGSEND = YES;
				ENABLE_TESTABILITY = YES;
				ENABLE_USER_SCRIPT_SANDBOXING = YES;
				GCC_C_LANGUAGE_STANDARD = gnu17;
				GCC_DYNAMIC_NO_PIC = NO;
				GCC_NO_COMMON_BLOCKS = YES;
				GCC_OPTIMIZATION_LEVEL = 0;
				GCC_PREPROCESSOR_DEFINITIONS = (
					"DEBUG=1",
					"$(inherited)",
				);
				GCC_WARN_64_TO_32_BIT_CONVERSION = YES;
				GCC_WARN_ABOUT_RETURN_TYPE = YES_ERROR;
				GCC_WARN_UNDECLARED_SELECTOR = YES;
				GCC_WARN_UNINITIALIZED_AUTOS = YES_AGGRESSIVE;
				GCC_WARN_UNUSED_FUNCTION = YES;
				GCC_WARN_UNUSED_VARIABLE = YES;
				IPHONEOS_DEPLOYMENT_TARGET = 17.0;
				LOCALIZATION_PREFERS_STRING_CATALOGS = YES;
				MTL_ENABLE_DEBUG_INFO = INCLUDE_SOURCE;
				MTL_FAST_MATH = YES;
				ONLY_ACTIVE_ARCH = YES;
				SDKROOT = iphoneos;
				SWIFT_ACTIVE_COMPILATION_CONDITIONS = "DEBUG $(inherited)";
				SWIFT_OPTIMIZATION_LEVEL = "-Onone";
			};
			name = Debug;
		};
		3552CE5B2BF216B60031F5FB /* Release */ = {
			isa = XCBuildConfiguration;
			buildSettings = {
				ALWAYS_SEARCH_USER_PATHS = NO;
				ASSETCATALOG_COMPILER_GENERATE_SWIFT_ASSET_SYMBOL_EXTENSIONS = YES;
				CLANG_ANALYZER_NONNULL = YES;
				CLANG_ANALYZER_NUMBER_OBJECT_CONVERSION = YES_AGGRESSIVE;
				CLANG_CXX_LANGUAGE_STANDARD = "gnu++20";
				CLANG_ENABLE_MODULES = YES;
				CLANG_ENABLE_OBJC_ARC = YES;
				CLANG_ENABLE_OBJC_WEAK = YES;
				CLANG_WARN_BLOCK_CAPTURE_AUTORELEASING = YES;
				CLANG_WARN_BOOL_CONVERSION = YES;
				CLANG_WARN_COMMA = YES;
				CLANG_WARN_CONSTANT_CONVERSION = YES;
				CLANG_WARN_DEPRECATED_OBJC_IMPLEMENTATIONS = YES;
				CLANG_WARN_DIRECT_OBJC_ISA_USAGE = YES_ERROR;
				CLANG_WARN_DOCUMENTATION_COMMENTS = YES;
				CLANG_WARN_EMPTY_BODY = YES;
				CLANG_WARN_ENUM_CONVERSION = YES;
				CLANG_WARN_INFINITE_RECURSION = YES;
				CLANG_WARN_INT_CONVERSION = YES;
				CLANG_WARN_NON_LITERAL_NULL_CONVERSION = YES;
				CLANG_WARN_OBJC_IMPLICIT_RETAIN_SELF = YES;
				CLANG_WARN_OBJC_LITERAL_CONVERSION = YES;
				CLANG_WARN_OBJC_ROOT_CLASS = YES_ERROR;
				CLANG_WARN_QUOTED_INCLUDE_IN_FRAMEWORK_HEADER = YES;
				CLANG_WARN_RANGE_LOOP_ANALYSIS = YES;
				CLANG_WARN_STRICT_PROTOTYPES = YES;
				CLANG_WARN_SUSPICIOUS_MOVE = YES;
				CLANG_WARN_UNGUARDED_AVAILABILITY = YES_AGGRESSIVE;
				CLANG_WARN_UNREACHABLE_CODE = YES;
				CLANG_WARN__DUPLICATE_METHOD_MATCH = YES;
				COPY_PHASE_STRIP = NO;
				DEBUG_INFORMATION_FORMAT = "dwarf-with-dsym";
				ENABLE_NS_ASSERTIONS = NO;
				ENABLE_STRICT_OBJC_MSGSEND = YES;
				ENABLE_USER_SCRIPT_SANDBOXING = YES;
				GCC_C_LANGUAGE_STANDARD = gnu17;
				GCC_NO_COMMON_BLOCKS = YES;
				GCC_WARN_64_TO_32_BIT_CONVERSION = YES;
				GCC_WARN_ABOUT_RETURN_TYPE = YES_ERROR;
				GCC_WARN_UNDECLARED_SELECTOR = YES;
				GCC_WARN_UNINITIALIZED_AUTOS = YES_AGGRESSIVE;
				GCC_WARN_UNUSED_FUNCTION = YES;
				GCC_WARN_UNUSED_VARIABLE = YES;
				IPHONEOS_DEPLOYMENT_TARGET = 17.0;
				LOCALIZATION_PREFERS_STRING_CATALOGS = YES;
				MTL_ENABLE_DEBUG_INFO = NO;
				MTL_FAST_MATH = YES;
				SDKROOT = iphoneos;
				SWIFT_COMPILATION_MODE = wholemodule;
				VALIDATE_PRODUCT = YES;
			};
			name = Release;
		};
		3552CE5D2BF216B60031F5FB /* Debug */ = {
			isa = XCBuildConfiguration;
			buildSettings = {
				ASSETCATALOG_COMPILER_APPICON_NAME = AppIcon;
				ASSETCATALOG_COMPILER_GLOBAL_ACCENT_COLOR_NAME = AccentColor;
				CODE_SIGN_ENTITLEMENTS = LottoHelper/LottoHelper.entitlements;
				CODE_SIGN_STYLE = Automatic;
				CURRENT_PROJECT_VERSION = 1;
				DEVELOPMENT_ASSET_PATHS = "\"LottoHelper/Preview Content\"";
				DEVELOPMENT_TEAM = LESN4U5NE7;
				ENABLE_PREVIEWS = YES;
				GENERATE_INFOPLIST_FILE = YES;
				INFOPLIST_FILE = LottoHelper/Info.plist;
				INFOPLIST_KEY_LSApplicationCategoryType = "public.app-category.utilities";
				INFOPLIST_KEY_UIApplicationSceneManifest_Generation = YES;
				INFOPLIST_KEY_UIApplicationSupportsIndirectInputEvents = YES;
				INFOPLIST_KEY_UILaunchScreen_Generation = YES;
				INFOPLIST_KEY_UISupportedInterfaceOrientations_iPad = "UIInterfaceOrientationPortrait UIInterfaceOrientationPortraitUpsideDown UIInterfaceOrientationLandscapeLeft UIInterfaceOrientationLandscapeRight";
				INFOPLIST_KEY_UISupportedInterfaceOrientations_iPhone = "UIInterfaceOrientationPortrait UIInterfaceOrientationLandscapeLeft UIInterfaceOrientationLandscapeRight";
				LD_RUNPATH_SEARCH_PATHS = (
					"$(inherited)",
					"@executable_path/Frameworks",
				);
				MARKETING_VERSION = 1.0;
				PRODUCT_BUNDLE_IDENTIFIER = com.rutinfc.LottoHelper;
				PRODUCT_NAME = "$(TARGET_NAME)";
				SWIFT_EMIT_LOC_STRINGS = YES;
				SWIFT_VERSION = 5.0;
				TARGETED_DEVICE_FAMILY = "1,2";
			};
			name = Debug;
		};
		3552CE5E2BF216B60031F5FB /* Release */ = {
			isa = XCBuildConfiguration;
			buildSettings = {
				ASSETCATALOG_COMPILER_APPICON_NAME = AppIcon;
				ASSETCATALOG_COMPILER_GLOBAL_ACCENT_COLOR_NAME = AccentColor;
				CODE_SIGN_ENTITLEMENTS = LottoHelper/LottoHelper.entitlements;
				CODE_SIGN_STYLE = Automatic;
				CURRENT_PROJECT_VERSION = 1;
				DEVELOPMENT_ASSET_PATHS = "\"LottoHelper/Preview Content\"";
				DEVELOPMENT_TEAM = LESN4U5NE7;
				ENABLE_PREVIEWS = YES;
				GENERATE_INFOPLIST_FILE = YES;
				INFOPLIST_FILE = LottoHelper/Info.plist;
				INFOPLIST_KEY_LSApplicationCategoryType = "public.app-category.utilities";
				INFOPLIST_KEY_UIApplicationSceneManifest_Generation = YES;
				INFOPLIST_KEY_UIApplicationSupportsIndirectInputEvents = YES;
				INFOPLIST_KEY_UILaunchScreen_Generation = YES;
				INFOPLIST_KEY_UISupportedInterfaceOrientations_iPad = "UIInterfaceOrientationPortrait UIInterfaceOrientationPortraitUpsideDown UIInterfaceOrientationLandscapeLeft UIInterfaceOrientationLandscapeRight";
				INFOPLIST_KEY_UISupportedInterfaceOrientations_iPhone = "UIInterfaceOrientationPortrait UIInterfaceOrientationLandscapeLeft UIInterfaceOrientationLandscapeRight";
				LD_RUNPATH_SEARCH_PATHS = (
					"$(inherited)",
					"@executable_path/Frameworks",
				);
				MARKETING_VERSION = 1.0;
				PRODUCT_BUNDLE_IDENTIFIER = com.rutinfc.LottoHelper;
				PRODUCT_NAME = "$(TARGET_NAME)";
				SWIFT_EMIT_LOC_STRINGS = YES;
				SWIFT_VERSION = 5.0;
				TARGETED_DEVICE_FAMILY = "1,2";
			};
			name = Release;
		};
		813E1AFC2BF749C5006B3B2A /* Debug */ = {
			isa = XCBuildConfiguration;
			buildSettings = {
				ASSETCATALOG_COMPILER_APPICON_NAME = AppIcon;
				ASSETCATALOG_COMPILER_GLOBAL_ACCENT_COLOR_NAME = AccentColor;
				CODE_SIGN_ENTITLEMENTS = LottoHelper/LottoHelperMac.entitlements;
				CODE_SIGN_STYLE = Automatic;
				COMBINE_HIDPI_IMAGES = YES;
				CURRENT_PROJECT_VERSION = 1;
				DEVELOPMENT_ASSET_PATHS = "\"LottoHelper/Preview Content\"";
				DEVELOPMENT_TEAM = LESN4U5NE7;
				ENABLE_HARDENED_RUNTIME = YES;
				ENABLE_PREVIEWS = YES;
				GENERATE_INFOPLIST_FILE = YES;
				INFOPLIST_KEY_NSHumanReadableCopyright = "";
				LD_RUNPATH_SEARCH_PATHS = (
					"$(inherited)",
					"@executable_path/../Frameworks",
				);
				MACOSX_DEPLOYMENT_TARGET = 14.3;
				MARKETING_VERSION = 1.0;
				PRODUCT_BUNDLE_IDENTIFIER = com.rutinfc.LottoHelperMac;
				PRODUCT_NAME = "$(TARGET_NAME)";
				SDKROOT = macosx;
				SWIFT_EMIT_LOC_STRINGS = YES;
				SWIFT_VERSION = 5.0;
			};
			name = Debug;
		};
		813E1AFD2BF749C5006B3B2A /* Release */ = {
			isa = XCBuildConfiguration;
			buildSettings = {
				ASSETCATALOG_COMPILER_APPICON_NAME = AppIcon;
				ASSETCATALOG_COMPILER_GLOBAL_ACCENT_COLOR_NAME = AccentColor;
				CODE_SIGN_ENTITLEMENTS = LottoHelper/LottoHelperMac.entitlements;
				CODE_SIGN_STYLE = Automatic;
				COMBINE_HIDPI_IMAGES = YES;
				CURRENT_PROJECT_VERSION = 1;
				DEVELOPMENT_ASSET_PATHS = "\"LottoHelper/Preview Content\"";
				DEVELOPMENT_TEAM = LESN4U5NE7;
				ENABLE_HARDENED_RUNTIME = YES;
				ENABLE_PREVIEWS = YES;
				GENERATE_INFOPLIST_FILE = YES;
				INFOPLIST_KEY_NSHumanReadableCopyright = "";
				LD_RUNPATH_SEARCH_PATHS = (
					"$(inherited)",
					"@executable_path/../Frameworks",
				);
				MACOSX_DEPLOYMENT_TARGET = 14.3;
				MARKETING_VERSION = 1.0;
				PRODUCT_BUNDLE_IDENTIFIER = com.rutinfc.LottoHelperMac;
				PRODUCT_NAME = "$(TARGET_NAME)";
				SDKROOT = macosx;
				SWIFT_EMIT_LOC_STRINGS = YES;
				SWIFT_VERSION = 5.0;
			};
			name = Release;
		};
		813E1AFF2BF749C5006B3B2A /* Debug */ = {
			isa = XCBuildConfiguration;
			buildSettings = {
				ALWAYS_EMBED_SWIFT_STANDARD_LIBRARIES = YES;
				BUNDLE_LOADER = "$(TEST_HOST)";
				CODE_SIGN_STYLE = Automatic;
				CURRENT_PROJECT_VERSION = 1;
				DEVELOPMENT_TEAM = LESN4U5NE7;
				GENERATE_INFOPLIST_FILE = YES;
				MACOSX_DEPLOYMENT_TARGET = 14.3;
				MARKETING_VERSION = 1.0;
				PRODUCT_BUNDLE_IDENTIFIER = com.rutinfc.LottoHelperMacTests;
				PRODUCT_NAME = "$(TARGET_NAME)";
				SDKROOT = macosx;
				SWIFT_EMIT_LOC_STRINGS = NO;
				SWIFT_VERSION = 5.0;
				TEST_HOST = "$(BUILT_PRODUCTS_DIR)/LottoHelperMac.app/$(BUNDLE_EXECUTABLE_FOLDER_PATH)/LottoHelperMac";
			};
			name = Debug;
		};
		813E1B002BF749C5006B3B2A /* Release */ = {
			isa = XCBuildConfiguration;
			buildSettings = {
				ALWAYS_EMBED_SWIFT_STANDARD_LIBRARIES = YES;
				BUNDLE_LOADER = "$(TEST_HOST)";
				CODE_SIGN_STYLE = Automatic;
				CURRENT_PROJECT_VERSION = 1;
				DEVELOPMENT_TEAM = LESN4U5NE7;
				GENERATE_INFOPLIST_FILE = YES;
				MACOSX_DEPLOYMENT_TARGET = 14.3;
				MARKETING_VERSION = 1.0;
				PRODUCT_BUNDLE_IDENTIFIER = com.rutinfc.LottoHelperMacTests;
				PRODUCT_NAME = "$(TARGET_NAME)";
				SDKROOT = macosx;
				SWIFT_EMIT_LOC_STRINGS = NO;
				SWIFT_VERSION = 5.0;
				TEST_HOST = "$(BUILT_PRODUCTS_DIR)/LottoHelperMac.app/$(BUNDLE_EXECUTABLE_FOLDER_PATH)/LottoHelperMac";
			};
			name = Release;
		};
		813E1B022BF749C5006B3B2A /* Debug */ = {
			isa = XCBuildConfiguration;
			buildSettings = {
				ALWAYS_EMBED_SWIFT_STANDARD_LIBRARIES = YES;
				CODE_SIGN_STYLE = Automatic;
				CURRENT_PROJECT_VERSION = 1;
				DEVELOPMENT_TEAM = LESN4U5NE7;
				GENERATE_INFOPLIST_FILE = YES;
				MACOSX_DEPLOYMENT_TARGET = 14.3;
				MARKETING_VERSION = 1.0;
				PRODUCT_BUNDLE_IDENTIFIER = com.rutinfc.LottoHelperMacUITests;
				PRODUCT_NAME = "$(TARGET_NAME)";
				SDKROOT = macosx;
				SWIFT_EMIT_LOC_STRINGS = NO;
				SWIFT_VERSION = 5.0;
				TEST_TARGET_NAME = LottoHelperMac;
			};
			name = Debug;
		};
		813E1B032BF749C5006B3B2A /* Release */ = {
			isa = XCBuildConfiguration;
			buildSettings = {
				ALWAYS_EMBED_SWIFT_STANDARD_LIBRARIES = YES;
				CODE_SIGN_STYLE = Automatic;
				CURRENT_PROJECT_VERSION = 1;
				DEVELOPMENT_TEAM = LESN4U5NE7;
				GENERATE_INFOPLIST_FILE = YES;
				MACOSX_DEPLOYMENT_TARGET = 14.3;
				MARKETING_VERSION = 1.0;
				PRODUCT_BUNDLE_IDENTIFIER = com.rutinfc.LottoHelperMacUITests;
				PRODUCT_NAME = "$(TARGET_NAME)";
				SDKROOT = macosx;
				SWIFT_EMIT_LOC_STRINGS = NO;
				SWIFT_VERSION = 5.0;
				TEST_TARGET_NAME = LottoHelperMac;
			};
			name = Release;
		};
/* End XCBuildConfiguration section */

/* Begin XCConfigurationList section */
		3552CE452BF216B30031F5FB /* Build configuration list for PBXProject "LottoHelper" */ = {
			isa = XCConfigurationList;
			buildConfigurations = (
				3552CE5A2BF216B60031F5FB /* Debug */,
				3552CE5B2BF216B60031F5FB /* Release */,
			);
			defaultConfigurationIsVisible = 0;
			defaultConfigurationName = Release;
		};
		3552CE5C2BF216B60031F5FB /* Build configuration list for PBXNativeTarget "LottoHelper" */ = {
			isa = XCConfigurationList;
			buildConfigurations = (
				3552CE5D2BF216B60031F5FB /* Debug */,
				3552CE5E2BF216B60031F5FB /* Release */,
			);
			defaultConfigurationIsVisible = 0;
			defaultConfigurationName = Release;
		};
		813E1AFB2BF749C5006B3B2A /* Build configuration list for PBXNativeTarget "LottoHelperMac" */ = {
			isa = XCConfigurationList;
			buildConfigurations = (
				813E1AFC2BF749C5006B3B2A /* Debug */,
				813E1AFD2BF749C5006B3B2A /* Release */,
			);
			defaultConfigurationIsVisible = 0;
			defaultConfigurationName = Release;
		};
		813E1AFE2BF749C5006B3B2A /* Build configuration list for PBXNativeTarget "LottoHelperMacTests" */ = {
			isa = XCConfigurationList;
			buildConfigurations = (
				813E1AFF2BF749C5006B3B2A /* Debug */,
				813E1B002BF749C5006B3B2A /* Release */,
			);
			defaultConfigurationIsVisible = 0;
			defaultConfigurationName = Release;
		};
		813E1B012BF749C5006B3B2A /* Build configuration list for PBXNativeTarget "LottoHelperMacUITests" */ = {
			isa = XCConfigurationList;
			buildConfigurations = (
				813E1B022BF749C5006B3B2A /* Debug */,
				813E1B032BF749C5006B3B2A /* Release */,
			);
			defaultConfigurationIsVisible = 0;
			defaultConfigurationName = Release;
		};
/* End XCConfigurationList section */
	};
	rootObject = 3552CE422BF216B30031F5FB /* Project object */;
}
